
Microsoft Visual Studio Solution File, Format Version 12.00
# Visual Studio Version 16
VisualStudioVersion = 16.0.29424.173
MinimumVisualStudioVersion = 10.0.40219.1
Project("{FAE04EC0-301F-11D3-BF4B-00C04F79EFBC}") = "Disaster.Library", "Disaster.Library\Disaster.Library.csproj", "{AB99EE72-8DD8-475F-AB94-C4DBEF2530C0}"
EndProject
Project("{FAE04EC0-301F-11D3-BF4B-00C04F79EFBC}") = "Disaster.View", "Disaster.View\Disaster.View.csproj", "{FE3A8E66-F7D7-4DA4-9626-DFFDEBE63E86}"
EndProject
Global
	GlobalSection(SolutionConfigurationPlatforms) = preSolution
		Debug|Any CPU = Debug|Any CPU
		Release|Any CPU = Release|Any CPU
	EndGlobalSection
	GlobalSection(ProjectConfigurationPlatforms) = postSolution
		{AB99EE72-8DD8-475F-AB94-C4DBEF2530C0}.Debug|Any CPU.ActiveCfg = Debug|Any CPU
		{AB99EE72-8DD8-475F-AB94-C4DBEF2530C0}.Debug|Any CPU.Build.0 = Debug|Any CPU
		{AB99EE72-8DD8-475F-AB94-C4DBEF2530C0}.Release|Any CPU.ActiveCfg = Release|Any CPU
		{AB99EE72-8DD8-475F-AB94-C4DBEF2530C0}.Release|Any CPU.Build.0 = Release|Any CPU
		{FE3A8E66-F7D7-4DA4-9626-DFFDEBE63E86}.Debug|Any CPU.ActiveCfg = Debug|Any CPU
		{FE3A8E66-F7D7-4DA4-9626-DFFDEBE63E86}.Debug|Any CPU.Build.0 = Debug|Any CPU
		{FE3A8E66-F7D7-4DA4-9626-DFFDEBE63E86}.Release|Any CPU.ActiveCfg = Release|Any CPU
		{FE3A8E66-F7D7-4DA4-9626-DFFDEBE63E86}.Release|Any CPU.Build.0 = Release|Any CPU
	EndGlobalSection
	GlobalSection(SolutionProperties) = preSolution
		HideSolutionNode = FALSE
	EndGlobalSection
	GlobalSection(ExtensibilityGlobals) = postSolution
		SolutionGuid = {A800BAA6-D71E-4E77-8D08-C7A4CB0EFE04}
	EndGlobalSection
EndGlobal
